// !$*UTF8*$!
{
	archiveVersion = 1;
	classes = {
	};
	objectVersion = 50;
	objects = {

/* Begin PBXBuildFile section */
		67493FCC23EA264E00BBB1B9 /* AppDelegate.swift in Sources */ = {isa = PBXBuildFile; fileRef = 67493FCB23EA264E00BBB1B9 /* AppDelegate.swift */; };
		67493FCE23EA264E00BBB1B9 /* SceneDelegate.swift in Sources */ = {isa = PBXBuildFile; fileRef = 67493FCD23EA264E00BBB1B9 /* SceneDelegate.swift */; };
		67493FD023EA264E00BBB1B9 /* ViewController.swift in Sources */ = {isa = PBXBuildFile; fileRef = 67493FCF23EA264E00BBB1B9 /* ViewController.swift */; };
		67493FD323EA264E00BBB1B9 /* Main.storyboard in Resources */ = {isa = PBXBuildFile; fileRef = 67493FD123EA264E00BBB1B9 /* Main.storyboard */; };
		67493FD523EA264E00BBB1B9 /* Assets.xcassets in Resources */ = {isa = PBXBuildFile; fileRef = 67493FD423EA264E00BBB1B9 /* Assets.xcassets */; };
		67493FD823EA264E00BBB1B9 /* LaunchScreen.storyboard in Resources */ = {isa = PBXBuildFile; fileRef = 67493FD623EA264E00BBB1B9 /* LaunchScreen.storyboard */; };
/* End PBXBuildFile section */

/* Begin PBXFileReference section */
		67493FC823EA264E00BBB1B9 /* PHX Test.app */ = {isa = PBXFileReference; explicitFileType = wrapper.application; includeInIndex = 0; path = "PHX Test.app"; sourceTree = BUILT_PRODUCTS_DIR; };
		67493FCB23EA264E00BBB1B9 /* AppDelegate.swift */ = {isa = PBXFileReference; lastKnownFileType = sourcecode.swift; path = AppDelegate.swift; sourceTree = "<group>"; };
		67493FCD23EA264E00BBB1B9 /* SceneDelegate.swift */ = {isa = PBXFileReference; lastKnownFileType = sourcecode.swift; path = SceneDelegate.swift; sourceTree = "<group>"; };
		67493FCF23EA264E00BBB1B9 /* ViewController.swift */ = {isa = PBXFileReference; lastKnownFileType = sourcecode.swift; path = ViewController.swift; sourceTree = "<group>"; };
		67493FD223EA264E00BBB1B9 /* Base */ = {isa = PBXFileReference; lastKnownFileType = file.storyboard; name = Base; path = Base.lproj/Main.storyboard; sourceTree = "<group>"; };
		67493FD423EA264E00BBB1B9 /* Assets.xcassets */ = {isa = PBXFileReference; lastKnownFileType = folder.assetcatalog; path = Assets.xcassets; sourceTree = "<group>"; };
		67493FD723EA264E00BBB1B9 /* Base */ = {isa = PBXFileReference; lastKnownFileType = file.storyboard; name = Base; path = Base.lproj/LaunchScreen.storyboard; sourceTree = "<group>"; };
		67493FD923EA264E00BBB1B9 /* Info.plist */ = {isa = PBXFileReference; lastKnownFileType = text.plist.xml; path = Info.plist; sourceTree = "<group>"; };
/* End PBXFileReference section */

/* Begin PBXFrameworksBuildPhase section */
		67493FC523EA264E00BBB1B9 /* Frameworks */ = {
			isa = PBXFrameworksBuildPhase;
			buildActionMask = 2147483647;
			files = (
			);
			runOnlyForDeploymentPostprocessing = 0;
		};
/* End PBXFrameworksBuildPhase section */

/* Begin PBXGroup section */
		67493FBF23EA264E00BBB1B9 = {
			isa = PBXGroup;
			children = (
				67493FCA23EA264E00BBB1B9 /* PHX Test */,
				67493FC923EA264E00BBB1B9 /* Products */,
			);
			sourceTree = "<group>";
		};
		67493FC923EA264E00BBB1B9 /* Products */ = {
			isa = PBXGroup;
			children = (
				67493FC823EA264E00BBB1B9 /* PHX Test.app */,
			);
			name = Products;
			sourceTree = "<group>";
		};
		67493FCA23EA264E00BBB1B9 /* PHX Test */ = {
			isa = PBXGroup;
			children = (
				67493FCB23EA264E00BBB1B9 /* AppDelegate.swift */,
				67493FCD23EA264E00BBB1B9 /* SceneDelegate.swift */,
				67493FCF23EA264E00BBB1B9 /* ViewController.swift */,
				67493FD123EA264E00BBB1B9 /* Main.storyboard */,
				67493FD423EA264E00BBB1B9 /* Assets.xcassets */,
				67493FD623EA264E00BBB1B9 /* LaunchScreen.storyboard */,
				67493FD923EA264E00BBB1B9 /* Info.plist */,
			);
			path = "PHX Test";
			sourceTree = "<group>";
		};
/* End PBXGroup section */

/* Begin PBXNativeTarget section */
		67493FC723EA264E00BBB1B9 /* PHX Test */ = {
			isa = PBXNativeTarget;
			buildConfigurationList = 67493FDC23EA264E00BBB1B9 /* Build configuration list for PBXNativeTarget "PHX Test" */;
			buildPhases = (
				67493FC423EA264E00BBB1B9 /* Sources */,
				67493FC523EA264E00BBB1B9 /* Frameworks */,
				67493FC623EA264E00BBB1B9 /* Resources */,
			);
			buildRules = (
			);
			dependencies = (
			);
			name = "PHX Test";
			productName = "PHX Test";
			productReference = 67493FC823EA264E00BBB1B9 /* PHX Test.app */;
			productType = "com.apple.product-type.application";
		};
/* End PBXNativeTarget section */

/* Begin PBXProject section */
		67493FC023EA264E00BBB1B9 /* Project object */ = {
			isa = PBXProject;
			attributes = {
				LastSwiftUpdateCheck = 1130;
				LastUpgradeCheck = 1130;
				ORGANIZATIONNAME = "Junwoo Jung";
				TargetAttributes = {
					67493FC723EA264E00BBB1B9 = {
						CreatedOnToolsVersion = 11.3.1;
					};
				};
			};
			buildConfigurationList = 67493FC323EA264E00BBB1B9 /* Build configuration list for PBXProject "PHX Test" */;
			compatibilityVersion = "Xcode 9.3";
			developmentRegion = en;
			hasScannedForEncodings = 0;
			knownRegions = (
				en,
				Base,
			);
			mainGroup = 67493FBF23EA264E00BBB1B9;
			productRefGroup = 67493FC923EA264E00BBB1B9 /* Products */;
			projectDirPath = "";
			projectRoot = "";
			targets = (
				67493FC723EA264E00BBB1B9 /* PHX Test */,
			);
		};
/* End PBXProject section */

/* Begin PBXResourcesBuildPhase section */
		67493FC623EA264E00BBB1B9 /* Resources */ = {
			isa = PBXResourcesBuildPhase;
			buildActionMask = 2147483647;
			files = (
				67493FD823EA264E00BBB1B9 /* LaunchScreen.storyboard in Resources */,
				67493FD523EA264E00BBB1B9 /* Assets.xcassets in Resources */,
				67493FD323EA264E00BBB1B9 /* Main.storyboard in Resources */,
			);
			runOnlyForDeploymentPostprocessing = 0;
		};
/* End PBXResourcesBuildPhase section */

/* Begin PBXSourcesBuildPhase section */
		67493FC423EA264E00BBB1B9 /* Sources */ = {
			isa = PBXSourcesBuildPhase;
			buildActionMask = 2147483647;
			files = (
				67493FD023EA264E00BBB1B9 /* ViewController.swift in Sources */,
				67493FCC23EA264E00BBB1B9 /* AppDelegate.swift in Sources */,
				67493FCE23EA264E00BBB1B9 /* SceneDelegate.swift in Sources */,
			);
			runOnlyForDeploymentPostprocessing = 0;
		};
/* End PBXSourcesBuildPhase section */

/* Begin PBXVariantGroup section */
		67493FD123EA264E00BBB1B9 /* Main.storyboard */ = {
			isa = PBXVariantGroup;
			children = (
				67493FD223EA264E00BBB1B9 /* Base */,
			);
			name = Main.storyboard;
			sourceTree = "<group>";
		};
		67493FD623EA264E00BBB1B9 /* LaunchScreen.storyboard */ = {
			isa = PBXVariantGroup;
			children = (
				67493FD723EA264E00BBB1B9 /* Base */,
			);
			name = LaunchScreen.storyboard;
			sourceTree = "<group>";
		};
/* End PBXVariantGroup section */

/* Begin XCBuildConfiguration section */
		67493FDA23EA264E00BBB1B9 /* Debug */ = {
			isa = XCBuildConfiguration;
			buildSettings = {
				ALWAYS_SEARCH_USER_PATHS = NO;
				CLANG_ANALYZER_NONNULL = YES;
				CLANG_ANALYZER_NUMBER_OBJECT_CONVERSION = YES_AGGRESSIVE;
				CLANG_CXX_LANGUAGE_STANDARD = "gnu++14";
				CLANG_CXX_LIBRARY = "libc++";
				CLANG_ENABLE_MODULES = YES;
				CLANG_ENABLE_OBJC_ARC = YES;
				CLANG_ENABLE_OBJC_WEAK = YES;
				CLANG_WARN_BLOCK_CAPTURE_AUTORELEASING = YES;
				CLANG_WARN_BOOL_CONVERSION = YES;
				CLANG_WARN_COMMA = YES;
				CLANG_WARN_CONSTANT_CONVERSION = YES;
				CLANG_WARN_DEPRECATED_OBJC_IMPLEMENTATIONS = YES;
				CLANG_WARN_DIRECT_OBJC_ISA_USAGE = YES_ERROR;
				CLANG_WARN_DOCUMENTATION_COMMENTS = YES;
				CLANG_WARN_EMPTY_BODY = YES;
				CLANG_WARN_ENUM_CONVERSION = YES;
				CLANG_WARN_INFINITE_RECURSION = YES;
				CLANG_WARN_INT_CONVERSION = YES;
				CLANG_WARN_NON_LITERAL_NULL_CONVERSION = YES;
				CLANG_WARN_OBJC_IMPLICIT_RETAIN_SELF = YES;
				CLANG_WARN_OBJC_LITERAL_CONVERSION = YES;
				CLANG_WARN_OBJC_ROOT_CLASS = YES_ERROR;
				CLANG_WARN_RANGE_LOOP_ANALYSIS = YES;
				CLANG_WARN_STRICT_PROTOTYPES = YES;
				CLANG_WARN_SUSPICIOUS_MOVE = YES;
				CLANG_WARN_UNGUARDED_AVAILABILITY = YES_AGGRESSIVE;
				CLANG_WARN_UNREACHABLE_CODE = YES;
				CLANG_WARN__DUPLICATE_METHOD_MATCH = YES;
				COPY_PHASE_STRIP = NO;
				DEBUG_INFORMATION_FORMAT = dwarf;
				ENABLE_STRICT_OBJC_MSGSEND = YES;
				ENABLE_TESTABILITY = YES;
				GCC_C_LANGUAGE_STANDARD = gnu11;
				GCC_DYNAMIC_NO_PIC = NO;
				GCC_NO_COMMON_BLOCKS = YES;
				GCC_OPTIMIZATION_LEVEL = 0;
				GCC_PREPROCESSOR_DEFINITIONS = (
					"DEBUG=1",
					"$(inherited)",
				);
				GCC_WARN_64_TO_32_BIT_CONVERSION = YES;
				GCC_WARN_ABOUT_RETURN_TYPE = YES_ERROR;
				GCC_WARN_UNDECLARED_SELECTOR = YES;
				GCC_WARN_UNINITIALIZED_AUTOS = YES_AGGRESSIVE;
				GCC_WARN_UNUSED_FUNCTION = YES;
				GCC_WARN_UNUSED_VARIABLE = YES;
				IPHONEOS_DEPLOYMENT_TARGET = 13.2;
				MTL_ENABLE_DEBUG_INFO = INCLUDE_SOURCE;
				MTL_FAST_MATH = YES;
				ONLY_ACTIVE_ARCH = YES;
				SDKROOT = iphoneos;
				SWIFT_ACTIVE_COMPILATION_CONDITIONS = DEBUG;
				SWIFT_OPTIMIZATION_LEVEL = "-Onone";
			};
			name = Debug;
		};
		67493FDB23EA264E00BBB1B9 /* Release */ = {
			isa = XCBuildConfiguration;
			buildSettings = {
				ALWAYS_SEARCH_USER_PATHS = NO;
				CLANG_ANALYZER_NONNULL = YES;
				CLANG_ANALYZER_NUMBER_OBJECT_CONVERSION = YES_AGGRESSIVE;
				CLANG_CXX_LANGUAGE_STANDARD = "gnu++14";
				CLANG_CXX_LIBRARY = "libc++";
				CLANG_ENABLE_MODULES = YES;
				CLANG_ENABLE_OBJC_ARC = YES;
				CLANG_ENABLE_OBJC_WEAK = YES;
				CLANG_WARN_BLOCK_CAPTURE_AUTORELEASING = YES;
				CLANG_WARN_BOOL_CONVERSION = YES;
				CLANG_WARN_COMMA = YES;
				CLANG_WARN_CONSTANT_CONVERSION = YES;
				CLANG_WARN_DEPRECATED_OBJC_IMPLEMENTATIONS = YES;
				CLANG_WARN_DIRECT_OBJC_ISA_USAGE = YES_ERROR;
				CLANG_WARN_DOCUMENTATION_COMMENTS = YES;
				CLANG_WARN_EMPTY_BODY = YES;
				CLANG_WARN_ENUM_CONVERSION = YES;
				CLANG_WARN_INFINITE_RECURSION = YES;
				CLANG_WARN_INT_CONVERSION = YES;
				CLANG_WARN_NON_LITERAL_NULL_CONVERSION = YES;
				CLANG_WARN_OBJC_IMPLICIT_RETAIN_SELF = YES;
				CLANG_WARN_OBJC_LITERAL_CONVERSION = YES;
				CLANG_WARN_OBJC_ROOT_CLASS = YES_ERROR;
				CLANG_WARN_RANGE_LOOP_ANALYSIS = YES;
				CLANG_WARN_STRICT_PROTOTYPES = YES;
				CLANG_WARN_SUSPICIOUS_MOVE = YES;
				CLANG_WARN_UNGUARDED_AVAILABILITY = YES_AGGRESSIVE;
				CLANG_WARN_UNREACHABLE_CODE = YES;
				CLANG_WARN__DUPLICATE_METHOD_MATCH = YES;
				COPY_PHASE_STRIP = NO;
				DEBUG_INFORMATION_FORMAT = "dwarf-with-dsym";
				ENABLE_NS_ASSERTIONS = NO;
				ENABLE_STRICT_OBJC_MSGSEND = YES;
				GCC_C_LANGUAGE_STANDARD = gnu11;
				GCC_NO_COMMON_BLOCKS = YES;
				GCC_WARN_64_TO_32_BIT_CONVERSION = YES;
				GCC_WARN_ABOUT_RETURN_TYPE = YES_ERROR;
				GCC_WARN_UNDECLARED_SELECTOR = YES;
				GCC_WARN_UNINITIALIZED_AUTOS = YES_AGGRESSIVE;
				GCC_WARN_UNUSED_FUNCTION = YES;
				GCC_WARN_UNUSED_VARIABLE = YES;
				IPHONEOS_DEPLOYMENT_TARGET = 13.2;
				MTL_ENABLE_DEBUG_INFO = NO;
				MTL_FAST_MATH = YES;
				SDKROOT = iphoneos;
				SWIFT_COMPILATION_MODE = wholemodule;
				SWIFT_OPTIMIZATION_LEVEL = "-O";
				VALIDATE_PRODUCT = YES;
			};
			name = Release;
		};
		67493FDD23EA264E00BBB1B9 /* Debug */ = {
			isa = XCBuildConfiguration;
			buildSettings = {
				ASSETCATALOG_COMPILER_APPICON_NAME = AppIcon;
				CODE_SIGN_STYLE = Automatic;
				DEVELOPMENT_TEAM = 32VJ477PM7;
				INFOPLIST_FILE = "PHX Test/Info.plist";
				LD_RUNPATH_SEARCH_PATHS = (
					"$(inherited)",
					"@executable_path/Frameworks",
				);
				PRODUCT_BUNDLE_IDENTIFIER = "JunwooJung.PHX-Test";
				PRODUCT_NAME = "$(TARGET_NAME)";
				SWIFT_VERSION = 5.0;
				TARGETED_DEVICE_FAMILY = "1,2";
			};
			name = Debug;
		};
		67493FDE23EA264E00BBB1B9 /* Release */ = {
			isa = XCBuildConfiguration;
			buildSettings = {
				ASSETCATALOG_COMPILER_APPICON_NAME = AppIcon;
				CODE_SIGN_STYLE = Automatic;
				DEVELOPMENT_TEAM = 32VJ477PM7;
				INFOPLIST_FILE = "PHX Test/Info.plist";
				LD_RUNPATH_SEARCH_PATHS = (
					"$(inherited)",
					"@executable_path/Frameworks",
				);
				PRODUCT_BUNDLE_IDENTIFIER = "JunwooJung.PHX-Test";
				PRODUCT_NAME = "$(TARGET_NAME)";
				SWIFT_VERSION = 5.0;
				TARGETED_DEVICE_FAMILY = "1,2";
			};
			name = Release;
		};
/* End XCBuildConfiguration section */

/* Begin XCConfigurationList section */
		67493FC323EA264E00BBB1B9 /* Build configuration list for PBXProject "PHX Test" */ = {
			isa = XCConfigurationList;
			buildConfigurations = (
				67493FDA23EA264E00BBB1B9 /* Debug */,
				67493FDB23EA264E00BBB1B9 /* Release */,
			);
			defaultConfigurationIsVisible = 0;
			defaultConfigurationName = Release;
		};
		67493FDC23EA264E00BBB1B9 /* Build configuration list for PBXNativeTarget "PHX Test" */ = {
			isa = XCConfigurationList;
			buildConfigurations = (
				67493FDD23EA264E00BBB1B9 /* Debug */,
				67493FDE23EA264E00BBB1B9 /* Release */,
			);
			defaultConfigurationIsVisible = 0;
			defaultConfigurationName = Release;
		};
/* End XCConfigurationList section */
	};
	rootObject = 67493FC023EA264E00BBB1B9 /* Project object */;
}
