// !$*UTF8*$!
{
	archiveVersion = 1;
	classes = {
	};
	objectVersion = 50;
	objects = {

/* Begin PBXBuildFile section */
		6774212C2405ABFF003A7DF2 /* AppDelegate.swift in Sources */ = {isa = PBXBuildFile; fileRef = 6774212B2405ABFF003A7DF2 /* AppDelegate.swift */; };
		6774212E2405ABFF003A7DF2 /* SceneDelegate.swift in Sources */ = {isa = PBXBuildFile; fileRef = 6774212D2405ABFF003A7DF2 /* SceneDelegate.swift */; };
		677421302405ABFF003A7DF2 /* ViewController.swift in Sources */ = {isa = PBXBuildFile; fileRef = 6774212F2405ABFF003A7DF2 /* ViewController.swift */; };
		677421332405ABFF003A7DF2 /* Main.storyboard in Resources */ = {isa = PBXBuildFile; fileRef = 677421312405ABFF003A7DF2 /* Main.storyboard */; };
		677421352405AC00003A7DF2 /* Assets.xcassets in Resources */ = {isa = PBXBuildFile; fileRef = 677421342405AC00003A7DF2 /* Assets.xcassets */; };
		677421382405AC00003A7DF2 /* LaunchScreen.storyboard in Resources */ = {isa = PBXBuildFile; fileRef = 677421362405AC00003A7DF2 /* LaunchScreen.storyboard */; };
/* End PBXBuildFile section */

/* Begin PBXFileReference section */
		677421282405ABFF003A7DF2 /* PHX New Test.app */ = {isa = PBXFileReference; explicitFileType = wrapper.application; includeInIndex = 0; path = "PHX New Test.app"; sourceTree = BUILT_PRODUCTS_DIR; };
		6774212B2405ABFF003A7DF2 /* AppDelegate.swift */ = {isa = PBXFileReference; lastKnownFileType = sourcecode.swift; path = AppDelegate.swift; sourceTree = "<group>"; };
		6774212D2405ABFF003A7DF2 /* SceneDelegate.swift */ = {isa = PBXFileReference; lastKnownFileType = sourcecode.swift; path = SceneDelegate.swift; sourceTree = "<group>"; };
		6774212F2405ABFF003A7DF2 /* ViewController.swift */ = {isa = PBXFileReference; lastKnownFileType = sourcecode.swift; path = ViewController.swift; sourceTree = "<group>"; };
		677421322405ABFF003A7DF2 /* Base */ = {isa = PBXFileReference; lastKnownFileType = file.storyboard; name = Base; path = Base.lproj/Main.storyboard; sourceTree = "<group>"; };
		677421342405AC00003A7DF2 /* Assets.xcassets */ = {isa = PBXFileReference; lastKnownFileType = folder.assetcatalog; path = Assets.xcassets; sourceTree = "<group>"; };
		677421372405AC00003A7DF2 /* Base */ = {isa = PBXFileReference; lastKnownFileType = file.storyboard; name = Base; path = Base.lproj/LaunchScreen.storyboard; sourceTree = "<group>"; };
		677421392405AC00003A7DF2 /* Info.plist */ = {isa = PBXFileReference; lastKnownFileType = text.plist.xml; path = Info.plist; sourceTree = "<group>"; };
/* End PBXFileReference section */

/* Begin PBXFrameworksBuildPhase section */
		677421252405ABFE003A7DF2 /* Frameworks */ = {
			isa = PBXFrameworksBuildPhase;
			buildActionMask = 2147483647;
			files = (
			);
			runOnlyForDeploymentPostprocessing = 0;
		};
/* End PBXFrameworksBuildPhase section */

/* Begin PBXGroup section */
		6774211F2405ABFE003A7DF2 = {
			isa = PBXGroup;
			children = (
				6774212A2405ABFF003A7DF2 /* PHX New Test */,
				677421292405ABFF003A7DF2 /* Products */,
			);
			sourceTree = "<group>";
		};
		677421292405ABFF003A7DF2 /* Products */ = {
			isa = PBXGroup;
			children = (
				677421282405ABFF003A7DF2 /* PHX New Test.app */,
			);
			name = Products;
			sourceTree = "<group>";
		};
		6774212A2405ABFF003A7DF2 /* PHX New Test */ = {
			isa = PBXGroup;
			children = (
				6774212B2405ABFF003A7DF2 /* AppDelegate.swift */,
				6774212D2405ABFF003A7DF2 /* SceneDelegate.swift */,
				6774212F2405ABFF003A7DF2 /* ViewController.swift */,
				677421312405ABFF003A7DF2 /* Main.storyboard */,
				677421342405AC00003A7DF2 /* Assets.xcassets */,
				677421362405AC00003A7DF2 /* LaunchScreen.storyboard */,
				677421392405AC00003A7DF2 /* Info.plist */,
			);
			path = "PHX New Test";
			sourceTree = "<group>";
		};
/* End PBXGroup section */

/* Begin PBXNativeTarget section */
		677421272405ABFE003A7DF2 /* PHX New Test */ = {
			isa = PBXNativeTarget;
			buildConfigurationList = 6774213C2405AC00003A7DF2 /* Build configuration list for PBXNativeTarget "PHX New Test" */;
			buildPhases = (
				677421242405ABFE003A7DF2 /* Sources */,
				677421252405ABFE003A7DF2 /* Frameworks */,
				677421262405ABFE003A7DF2 /* Resources */,
			);
			buildRules = (
			);
			dependencies = (
			);
			name = "PHX New Test";
			productName = "PHX New Test";
			productReference = 677421282405ABFF003A7DF2 /* PHX New Test.app */;
			productType = "com.apple.product-type.application";
		};
/* End PBXNativeTarget section */

/* Begin PBXProject section */
		677421202405ABFE003A7DF2 /* Project object */ = {
			isa = PBXProject;
			attributes = {
				LastSwiftUpdateCheck = 1130;
				LastUpgradeCheck = 1130;
				ORGANIZATIONNAME = "Junwoo Jung";
				TargetAttributes = {
					677421272405ABFE003A7DF2 = {
						CreatedOnToolsVersion = 11.3.1;
					};
				};
			};
			buildConfigurationList = 677421232405ABFE003A7DF2 /* Build configuration list for PBXProject "PHX New Test" */;
			compatibilityVersion = "Xcode 9.3";
			developmentRegion = en;
			hasScannedForEncodings = 0;
			knownRegions = (
				en,
				Base,
			);
			mainGroup = 6774211F2405ABFE003A7DF2;
			productRefGroup = 677421292405ABFF003A7DF2 /* Products */;
			projectDirPath = "";
			projectRoot = "";
			targets = (
				677421272405ABFE003A7DF2 /* PHX New Test */,
			);
		};
/* End PBXProject section */

/* Begin PBXResourcesBuildPhase section */
		677421262405ABFE003A7DF2 /* Resources */ = {
			isa = PBXResourcesBuildPhase;
			buildActionMask = 2147483647;
			files = (
				677421382405AC00003A7DF2 /* LaunchScreen.storyboard in Resources */,
				677421352405AC00003A7DF2 /* Assets.xcassets in Resources */,
				677421332405ABFF003A7DF2 /* Main.storyboard in Resources */,
			);
			runOnlyForDeploymentPostprocessing = 0;
		};
/* End PBXResourcesBuildPhase section */

/* Begin PBXSourcesBuildPhase section */
		677421242405ABFE003A7DF2 /* Sources */ = {
			isa = PBXSourcesBuildPhase;
			buildActionMask = 2147483647;
			files = (
				677421302405ABFF003A7DF2 /* ViewController.swift in Sources */,
				6774212C2405ABFF003A7DF2 /* AppDelegate.swift in Sources */,
				6774212E2405ABFF003A7DF2 /* SceneDelegate.swift in Sources */,
			);
			runOnlyForDeploymentPostprocessing = 0;
		};
/* End PBXSourcesBuildPhase section */

/* Begin PBXVariantGroup section */
		677421312405ABFF003A7DF2 /* Main.storyboard */ = {
			isa = PBXVariantGroup;
			children = (
				677421322405ABFF003A7DF2 /* Base */,
			);
			name = Main.storyboard;
			sourceTree = "<group>";
		};
		677421362405AC00003A7DF2 /* LaunchScreen.storyboard */ = {
			isa = PBXVariantGroup;
			children = (
				677421372405AC00003A7DF2 /* Base */,
			);
			name = LaunchScreen.storyboard;
			sourceTree = "<group>";
		};
/* End PBXVariantGroup section */

/* Begin XCBuildConfiguration section */
		6774213A2405AC00003A7DF2 /* Debug */ = {
			isa = XCBuildConfiguration;
			buildSettings = {
				ALWAYS_SEARCH_USER_PATHS = NO;
				CLANG_ANALYZER_NONNULL = YES;
				CLANG_ANALYZER_NUMBER_OBJECT_CONVERSION = YES_AGGRESSIVE;
				CLANG_CXX_LANGUAGE_STANDARD = "gnu++14";
				CLANG_CXX_LIBRARY = "libc++";
				CLANG_ENABLE_MODULES = YES;
				CLANG_ENABLE_OBJC_ARC = YES;
				CLANG_ENABLE_OBJC_WEAK = YES;
				CLANG_WARN_BLOCK_CAPTURE_AUTORELEASING = YES;
				CLANG_WARN_BOOL_CONVERSION = YES;
				CLANG_WARN_COMMA = YES;
				CLANG_WARN_CONSTANT_CONVERSION = YES;
				CLANG_WARN_DEPRECATED_OBJC_IMPLEMENTATIONS = YES;
				CLANG_WARN_DIRECT_OBJC_ISA_USAGE = YES_ERROR;
				CLANG_WARN_DOCUMENTATION_COMMENTS = YES;
				CLANG_WARN_EMPTY_BODY = YES;
				CLANG_WARN_ENUM_CONVERSION = YES;
				CLANG_WARN_INFINITE_RECURSION = YES;
				CLANG_WARN_INT_CONVERSION = YES;
				CLANG_WARN_NON_LITERAL_NULL_CONVERSION = YES;
				CLANG_WARN_OBJC_IMPLICIT_RETAIN_SELF = YES;
				CLANG_WARN_OBJC_LITERAL_CONVERSION = YES;
				CLANG_WARN_OBJC_ROOT_CLASS = YES_ERROR;
				CLANG_WARN_RANGE_LOOP_ANALYSIS = YES;
				CLANG_WARN_STRICT_PROTOTYPES = YES;
				CLANG_WARN_SUSPICIOUS_MOVE = YES;
				CLANG_WARN_UNGUARDED_AVAILABILITY = YES_AGGRESSIVE;
				CLANG_WARN_UNREACHABLE_CODE = YES;
				CLANG_WARN__DUPLICATE_METHOD_MATCH = YES;
				COPY_PHASE_STRIP = NO;
				DEBUG_INFORMATION_FORMAT = dwarf;
				ENABLE_STRICT_OBJC_MSGSEND = YES;
				ENABLE_TESTABILITY = YES;
				GCC_C_LANGUAGE_STANDARD = gnu11;
				GCC_DYNAMIC_NO_PIC = NO;
				GCC_NO_COMMON_BLOCKS = YES;
				GCC_OPTIMIZATION_LEVEL = 0;
				GCC_PREPROCESSOR_DEFINITIONS = (
					"DEBUG=1",
					"$(inherited)",
				);
				GCC_WARN_64_TO_32_BIT_CONVERSION = YES;
				GCC_WARN_ABOUT_RETURN_TYPE = YES_ERROR;
				GCC_WARN_UNDECLARED_SELECTOR = YES;
				GCC_WARN_UNINITIALIZED_AUTOS = YES_AGGRESSIVE;
				GCC_WARN_UNUSED_FUNCTION = YES;
				GCC_WARN_UNUSED_VARIABLE = YES;
				IPHONEOS_DEPLOYMENT_TARGET = 13.2;
				MTL_ENABLE_DEBUG_INFO = INCLUDE_SOURCE;
				MTL_FAST_MATH = YES;
				ONLY_ACTIVE_ARCH = YES;
				SDKROOT = iphoneos;
				SWIFT_ACTIVE_COMPILATION_CONDITIONS = DEBUG;
				SWIFT_OPTIMIZATION_LEVEL = "-Onone";
			};
			name = Debug;
		};
		6774213B2405AC00003A7DF2 /* Release */ = {
			isa = XCBuildConfiguration;
			buildSettings = {
				ALWAYS_SEARCH_USER_PATHS = NO;
				CLANG_ANALYZER_NONNULL = YES;
				CLANG_ANALYZER_NUMBER_OBJECT_CONVERSION = YES_AGGRESSIVE;
				CLANG_CXX_LANGUAGE_STANDARD = "gnu++14";
				CLANG_CXX_LIBRARY = "libc++";
				CLANG_ENABLE_MODULES = YES;
				CLANG_ENABLE_OBJC_ARC = YES;
				CLANG_ENABLE_OBJC_WEAK = YES;
				CLANG_WARN_BLOCK_CAPTURE_AUTORELEASING = YES;
				CLANG_WARN_BOOL_CONVERSION = YES;
				CLANG_WARN_COMMA = YES;
				CLANG_WARN_CONSTANT_CONVERSION = YES;
				CLANG_WARN_DEPRECATED_OBJC_IMPLEMENTATIONS = YES;
				CLANG_WARN_DIRECT_OBJC_ISA_USAGE = YES_ERROR;
				CLANG_WARN_DOCUMENTATION_COMMENTS = YES;
				CLANG_WARN_EMPTY_BODY = YES;
				CLANG_WARN_ENUM_CONVERSION = YES;
				CLANG_WARN_INFINITE_RECURSION = YES;
				CLANG_WARN_INT_CONVERSION = YES;
				CLANG_WARN_NON_LITERAL_NULL_CONVERSION = YES;
				CLANG_WARN_OBJC_IMPLICIT_RETAIN_SELF = YES;
				CLANG_WARN_OBJC_LITERAL_CONVERSION = YES;
				CLANG_WARN_OBJC_ROOT_CLASS = YES_ERROR;
				CLANG_WARN_RANGE_LOOP_ANALYSIS = YES;
				CLANG_WARN_STRICT_PROTOTYPES = YES;
				CLANG_WARN_SUSPICIOUS_MOVE = YES;
				CLANG_WARN_UNGUARDED_AVAILABILITY = YES_AGGRESSIVE;
				CLANG_WARN_UNREACHABLE_CODE = YES;
				CLANG_WARN__DUPLICATE_METHOD_MATCH = YES;
				COPY_PHASE_STRIP = NO;
				DEBUG_INFORMATION_FORMAT = "dwarf-with-dsym";
				ENABLE_NS_ASSERTIONS = NO;
				ENABLE_STRICT_OBJC_MSGSEND = YES;
				GCC_C_LANGUAGE_STANDARD = gnu11;
				GCC_NO_COMMON_BLOCKS = YES;
				GCC_WARN_64_TO_32_BIT_CONVERSION = YES;
				GCC_WARN_ABOUT_RETURN_TYPE = YES_ERROR;
				GCC_WARN_UNDECLARED_SELECTOR = YES;
				GCC_WARN_UNINITIALIZED_AUTOS = YES_AGGRESSIVE;
				GCC_WARN_UNUSED_FUNCTION = YES;
				GCC_WARN_UNUSED_VARIABLE = YES;
				IPHONEOS_DEPLOYMENT_TARGET = 13.2;
				MTL_ENABLE_DEBUG_INFO = NO;
				MTL_FAST_MATH = YES;
				SDKROOT = iphoneos;
				SWIFT_COMPILATION_MODE = wholemodule;
				SWIFT_OPTIMIZATION_LEVEL = "-O";
				VALIDATE_PRODUCT = YES;
			};
			name = Release;
		};
		6774213D2405AC00003A7DF2 /* Debug */ = {
			isa = XCBuildConfiguration;
			buildSettings = {
				ASSETCATALOG_COMPILER_APPICON_NAME = AppIcon;
				CODE_SIGN_STYLE = Automatic;
				DEVELOPMENT_TEAM = 32VJ477PM7;
				INFOPLIST_FILE = "PHX New Test/Info.plist";
				LD_RUNPATH_SEARCH_PATHS = (
					"$(inherited)",
					"@executable_path/Frameworks",
				);
				PRODUCT_BUNDLE_IDENTIFIER = "JunwooJung.PHX-New-Test";
				PRODUCT_NAME = "$(TARGET_NAME)";
				SWIFT_VERSION = 5.0;
				TARGETED_DEVICE_FAMILY = "1,2";
			};
			name = Debug;
		};
		6774213E2405AC00003A7DF2 /* Release */ = {
			isa = XCBuildConfiguration;
			buildSettings = {
				ASSETCATALOG_COMPILER_APPICON_NAME = AppIcon;
				CODE_SIGN_STYLE = Automatic;
				DEVELOPMENT_TEAM = 32VJ477PM7;
				INFOPLIST_FILE = "PHX New Test/Info.plist";
				LD_RUNPATH_SEARCH_PATHS = (
					"$(inherited)",
					"@executable_path/Frameworks",
				);
				PRODUCT_BUNDLE_IDENTIFIER = "JunwooJung.PHX-New-Test";
				PRODUCT_NAME = "$(TARGET_NAME)";
				SWIFT_VERSION = 5.0;
				TARGETED_DEVICE_FAMILY = "1,2";
			};
			name = Release;
		};
/* End XCBuildConfiguration section */

/* Begin XCConfigurationList section */
		677421232405ABFE003A7DF2 /* Build configuration list for PBXProject "PHX New Test" */ = {
			isa = XCConfigurationList;
			buildConfigurations = (
				6774213A2405AC00003A7DF2 /* Debug */,
				6774213B2405AC00003A7DF2 /* Release */,
			);
			defaultConfigurationIsVisible = 0;
			defaultConfigurationName = Release;
		};
		6774213C2405AC00003A7DF2 /* Build configuration list for PBXNativeTarget "PHX New Test" */ = {
			isa = XCConfigurationList;
			buildConfigurations = (
				6774213D2405AC00003A7DF2 /* Debug */,
				6774213E2405AC00003A7DF2 /* Release */,
			);
			defaultConfigurationIsVisible = 0;
			defaultConfigurationName = Release;
		};
/* End XCConfigurationList section */
	};
	rootObject = 677421202405ABFE003A7DF2 /* Project object */;
}
